
Microsoft Visual Studio Solution File, Format Version 12.00
# Visual Studio Version 17
VisualStudioVersion = 17.9.34728.123
MinimumVisualStudioVersion = 10.0.40219.1
Project("{FAE04EC0-301F-11D3-BF4B-00C04F79EFBC}") = "AulaExibeClientes", "AulaExibeClientes\AulaExibeClientes.csproj", "{6E823333-1B20-477D-9F4A-6E8FFB026F0D}"
EndProject
Global
	GlobalSection(SolutionConfigurationPlatforms) = preSolution
		Debug|Any CPU = Debug|Any CPU
		Release|Any CPU = Release|Any CPU
	EndGlobalSection
	GlobalSection(ProjectConfigurationPlatforms) = postSolution
		{6E823333-1B20-477D-9F4A-6E8FFB026F0D}.Debug|Any CPU.ActiveCfg = Debug|Any CPU
		{6E823333-1B20-477D-9F4A-6E8FFB026F0D}.Debug|Any CPU.Build.0 = Debug|Any CPU
		{6E823333-1B20-477D-9F4A-6E8FFB026F0D}.Release|Any CPU.ActiveCfg = Release|Any CPU
		{6E823333-1B20-477D-9F4A-6E8FFB026F0D}.Release|Any CPU.Build.0 = Release|Any CPU
	EndGlobalSection
	GlobalSection(SolutionProperties) = preSolution
		HideSolutionNode = FALSE
	EndGlobalSection
	GlobalSection(ExtensibilityGlobals) = postSolution
		SolutionGuid = {59601B69-5DD0-489E-B745-A9E8849B83A3}
	EndGlobalSection
EndGlobal
